
Microsoft Visual Studio Solution File, Format Version 12.00
Project("{2150E333-8FDC-42A3-9474-1A3956D46DE8}") = "Solution Items", "Solution Items", "{56CE37B2-286D-49AA-BCF4-E9AB51E7CC48}"
	ProjectSection(SolutionItems) = preProject
		.gitignore = .gitignore
		LICENSE = LICENSE
		README.md = README.md
		Directory.Build.props = Directory.Build.props
		stylecop.json = stylecop.json
		.editorconfig = .editorconfig
		version = version
		CONTRIBUTING.md = CONTRIBUTING.md
		global.json = global.json
		nuget.config = nuget.config
		Directory.Packages.props = Directory.Packages.props
	EndProjectSection
EndProject
Project("{FAE04EC0-301F-11D3-BF4B-00C04F79EFBC}") = "VMelnalksnis.NordigenDotNet", "source\VMelnalksnis.NordigenDotNet\VMelnalksnis.NordigenDotNet.csproj", "{C70F5B40-0A36-45CB-921B-09EA1F9A63AD}"
EndProject
Project("{2150E333-8FDC-42A3-9474-1A3956D46DE8}") = "Tests", "Tests", "{F9FD8772-AC85-42BE-B3B0-F03247F72E2A}"
	ProjectSection(SolutionItems) = preProject
		tests\Directory.Build.props = tests\Directory.Build.props
		tests\.editorconfig = tests\.editorconfig
	EndProjectSection
EndProject
Project("{FAE04EC0-301F-11D3-BF4B-00C04F79EFBC}") = "VMelnalksnis.NordigenDotNet.Tests.Integration", "tests\VMelnalksnis.NordigenDotNet.Tests.Integration\VMelnalksnis.NordigenDotNet.Tests.Integration.csproj", "{98E15B27-7113-48B8-AA35-F65E4273B310}"
EndProject
Project("{FAE04EC0-301F-11D3-BF4B-00C04F79EFBC}") = "VMelnalksnis.NordigenDotNet.DependencyInjection", "source\VMelnalksnis.NordigenDotNet.DependencyInjection\VMelnalksnis.NordigenDotNet.DependencyInjection.csproj", "{281D65CD-C591-45C3-A0F1-E700CCCC4ECA}"
EndProject
Project("{FAE04EC0-301F-11D3-BF4B-00C04F79EFBC}") = "VMelnalksnis.NordigenDotNet.DependencyInjection.Tests", "tests\VMelnalksnis.NordigenDotNet.DependencyInjection.Tests\VMelnalksnis.NordigenDotNet.DependencyInjection.Tests.csproj", "{10F5857A-33BE-483A-A96C-1903DFFDEFC3}"
EndProject
Project("{2150E333-8FDC-42A3-9474-1A3956D46DE8}") = ".github", ".github", "{CA8D9082-D6CE-4568-8D61-862001E8241A}"
EndProject
Project("{2150E333-8FDC-42A3-9474-1A3956D46DE8}") = "workflows", "workflows", "{F733A567-775B-4DD8-B900-005894E062B5}"
	ProjectSection(SolutionItems) = preProject
		.github\workflows\test.yml = .github\workflows\test.yml
		.github\workflows\release.yml = .github\workflows\release.yml
		.github\workflows\nuget-vulnerabilities.yml = .github\workflows\nuget-vulnerabilities.yml
	EndProjectSection
EndProject
Project("{FAE04EC0-301F-11D3-BF4B-00C04F79EFBC}") = "VMelnalksnis.NordigenDotNet.Tests", "tests\VMelnalksnis.NordigenDotNet.Tests\VMelnalksnis.NordigenDotNet.Tests.csproj", "{B01186E2-7A80-4117-BC89-C345B0221ECE}"
EndProject
Global
	GlobalSection(SolutionConfigurationPlatforms) = preSolution
		Debug|Any CPU = Debug|Any CPU
		Release|Any CPU = Release|Any CPU
	EndGlobalSection
	GlobalSection(ProjectConfigurationPlatforms) = postSolution
		{C70F5B40-0A36-45CB-921B-09EA1F9A63AD}.Debug|Any CPU.ActiveCfg = Debug|Any CPU
		{C70F5B40-0A36-45CB-921B-09EA1F9A63AD}.Debug|Any CPU.Build.0 = Debug|Any CPU
		{C70F5B40-0A36-45CB-921B-09EA1F9A63AD}.Release|Any CPU.ActiveCfg = Release|Any CPU
		{C70F5B40-0A36-45CB-921B-09EA1F9A63AD}.Release|Any CPU.Build.0 = Release|Any CPU
		{98E15B27-7113-48B8-AA35-F65E4273B310}.Debug|Any CPU.ActiveCfg = Debug|Any CPU
		{98E15B27-7113-48B8-AA35-F65E4273B310}.Debug|Any CPU.Build.0 = Debug|Any CPU
		{98E15B27-7113-48B8-AA35-F65E4273B310}.Release|Any CPU.ActiveCfg = Release|Any CPU
		{98E15B27-7113-48B8-AA35-F65E4273B310}.Release|Any CPU.Build.0 = Release|Any CPU
		{281D65CD-C591-45C3-A0F1-E700CCCC4ECA}.Debug|Any CPU.ActiveCfg = Debug|Any CPU
		{281D65CD-C591-45C3-A0F1-E700CCCC4ECA}.Debug|Any CPU.Build.0 = Debug|Any CPU
		{281D65CD-C591-45C3-A0F1-E700CCCC4ECA}.Release|Any CPU.ActiveCfg = Release|Any CPU
		{281D65CD-C591-45C3-A0F1-E700CCCC4ECA}.Release|Any CPU.Build.0 = Release|Any CPU
		{10F5857A-33BE-483A-A96C-1903DFFDEFC3}.Debug|Any CPU.ActiveCfg = Debug|Any CPU
		{10F5857A-33BE-483A-A96C-1903DFFDEFC3}.Debug|Any CPU.Build.0 = Debug|Any CPU
		{10F5857A-33BE-483A-A96C-1903DFFDEFC3}.Release|Any CPU.ActiveCfg = Release|Any CPU
		{10F5857A-33BE-483A-A96C-1903DFFDEFC3}.Release|Any CPU.Build.0 = Release|Any CPU
		{B01186E2-7A80-4117-BC89-C345B0221ECE}.Debug|Any CPU.ActiveCfg = Debug|Any CPU
		{B01186E2-7A80-4117-BC89-C345B0221ECE}.Debug|Any CPU.Build.0 = Debug|Any CPU
		{B01186E2-7A80-4117-BC89-C345B0221ECE}.Release|Any CPU.ActiveCfg = Release|Any CPU
		{B01186E2-7A80-4117-BC89-C345B0221ECE}.Release|Any CPU.Build.0 = Release|Any CPU
	EndGlobalSection
	GlobalSection(NestedProjects) = preSolution
		{98E15B27-7113-48B8-AA35-F65E4273B310} = {F9FD8772-AC85-42BE-B3B0-F03247F72E2A}
		{10F5857A-33BE-483A-A96C-1903DFFDEFC3} = {F9FD8772-AC85-42BE-B3B0-F03247F72E2A}
		{CA8D9082-D6CE-4568-8D61-862001E8241A} = {56CE37B2-286D-49AA-BCF4-E9AB51E7CC48}
		{F733A567-775B-4DD8-B900-005894E062B5} = {CA8D9082-D6CE-4568-8D61-862001E8241A}
		{B01186E2-7A80-4117-BC89-C345B0221ECE} = {F9FD8772-AC85-42BE-B3B0-F03247F72E2A}
	EndGlobalSection
EndGlobal
